
Microsoft Visual Studio Solution File, Format Version 12.00
# Visual Studio Version 17
VisualStudioVersion = 17.12.35514.174
MinimumVisualStudioVersion = 10.0.40219.1
Project("{2150E333-8FDC-42A3-9474-1A3956D46DE8}") = "src", "src", "{F81A7FBA-E82E-437D-BA81-5E2A85474AFA}"
EndProject
Project("{2150E333-8FDC-42A3-9474-1A3956D46DE8}") = "tests", "tests", "{145F3CF2-2A2A-4C8E-813C-E862B255C96F}"
EndProject
Project("{FAE04EC0-301F-11D3-BF4B-00C04F79EFBC}") = "Web", "src\Web\Web.csproj", "{27A647AB-6D99-47D4-89D9-515315D689A8}"
EndProject
Global
	GlobalSection(SolutionConfigurationPlatforms) = preSolution
		Debug|Any CPU = Debug|Any CPU
		Release|Any CPU = Release|Any CPU
	EndGlobalSection
	GlobalSection(ProjectConfigurationPlatforms) = postSolution
		{27A647AB-6D99-47D4-89D9-515315D689A8}.Debug|Any CPU.ActiveCfg = Debug|Any CPU
		{27A647AB-6D99-47D4-89D9-515315D689A8}.Debug|Any CPU.Build.0 = Debug|Any CPU
		{27A647AB-6D99-47D4-89D9-515315D689A8}.Release|Any CPU.ActiveCfg = Release|Any CPU
		{27A647AB-6D99-47D4-89D9-515315D689A8}.Release|Any CPU.Build.0 = Release|Any CPU
	EndGlobalSection
	GlobalSection(SolutionProperties) = preSolution
		HideSolutionNode = FALSE
	EndGlobalSection
	GlobalSection(NestedProjects) = preSolution
		{27A647AB-6D99-47D4-89D9-515315D689A8} = {F81A7FBA-E82E-437D-BA81-5E2A85474AFA}
	EndGlobalSection
EndGlobal
